// !$*UTF8*$!
{
	archiveVersion = 1;
	classes = {
	};
	objectVersion = 46;
	objects = {

/* Begin PBXBuildFile section */
		6B69983F17D9C9D200E88717 /* UIKit.framework in Frameworks */ = {isa = PBXBuildFile; fileRef = 6B69983E17D9C9D200E88717 /* UIKit.framework */; };
		6B69984117D9C9D200E88717 /* Foundation.framework in Frameworks */ = {isa = PBXBuildFile; fileRef = 6B69984017D9C9D200E88717 /* Foundation.framework */; };
		6B69984317D9C9D200E88717 /* CoreGraphics.framework in Frameworks */ = {isa = PBXBuildFile; fileRef = 6B69984217D9C9D200E88717 /* CoreGraphics.framework */; };
		6B69984917D9C9D200E88717 /* InfoPlist.strings in Resources */ = {isa = PBXBuildFile; fileRef = 6B69984717D9C9D200E88717 /* InfoPlist.strings */; };
		6B69984B17D9C9D200E88717 /* main.m in Sources */ = {isa = PBXBuildFile; fileRef = 6B69984A17D9C9D200E88717 /* main.m */; };
		6B69984F17D9C9D200E88717 /* AppDelegate.m in Sources */ = {isa = PBXBuildFile; fileRef = 6B69984E17D9C9D200E88717 /* AppDelegate.m */; };
		6B69985117D9C9D200E88717 /* Default.png in Resources */ = {isa = PBXBuildFile; fileRef = 6B69985017D9C9D200E88717 /* Default.png */; };
		6B69985317D9C9D200E88717 /* Default@2x.png in Resources */ = {isa = PBXBuildFile; fileRef = 6B69985217D9C9D200E88717 /* Default@2x.png */; };
		6B69985517D9C9D200E88717 /* Default-568h@2x.png in Resources */ = {isa = PBXBuildFile; fileRef = 6B69985417D9C9D200E88717 /* Default-568h@2x.png */; };
		6B69985817D9C9D200E88717 /* ViewController.m in Sources */ = {isa = PBXBuildFile; fileRef = 6B69985717D9C9D200E88717 /* ViewController.m */; };
		6B69985B17D9C9D200E88717 /* ViewController.xib in Resources */ = {isa = PBXBuildFile; fileRef = 6B69985917D9C9D200E88717 /* ViewController.xib */; };
		6BE0772F17D9D12D00E55291 /* aaViewController.m in Sources */ = {isa = PBXBuildFile; fileRef = 6BE0772E17D9D12D00E55291 /* aaViewController.m */; };
/* End PBXBuildFile section */

/* Begin PBXFileReference section */
		6B69983B17D9C9D200E88717 /* test.app */ = {isa = PBXFileReference; explicitFileType = wrapper.application; includeInIndex = 0; path = test.app; sourceTree = BUILT_PRODUCTS_DIR; };
		6B69983E17D9C9D200E88717 /* UIKit.framework */ = {isa = PBXFileReference; lastKnownFileType = wrapper.framework; name = UIKit.framework; path = System/Library/Frameworks/UIKit.framework; sourceTree = SDKROOT; };
		6B69984017D9C9D200E88717 /* Foundation.framework */ = {isa = PBXFileReference; lastKnownFileType = wrapper.framework; name = Foundation.framework; path = System/Library/Frameworks/Foundation.framework; sourceTree = SDKROOT; };
		6B69984217D9C9D200E88717 /* CoreGraphics.framework */ = {isa = PBXFileReference; lastKnownFileType = wrapper.framework; name = CoreGraphics.framework; path = System/Library/Frameworks/CoreGraphics.framework; sourceTree = SDKROOT; };
		6B69984617D9C9D200E88717 /* test-Info.plist */ = {isa = PBXFileReference; lastKnownFileType = text.plist.xml; path = "test-Info.plist"; sourceTree = "<group>"; };
		6B69984817D9C9D200E88717 /* en */ = {isa = PBXFileReference; lastKnownFileType = text.plist.strings; name = en; path = en.lproj/InfoPlist.strings; sourceTree = "<group>"; };
		6B69984A17D9C9D200E88717 /* main.m */ = {isa = PBXFileReference; lastKnownFileType = sourcecode.c.objc; path = main.m; sourceTree = "<group>"; };
		6B69984C17D9C9D200E88717 /* test-Prefix.pch */ = {isa = PBXFileReference; lastKnownFileType = sourcecode.c.h; path = "test-Prefix.pch"; sourceTree = "<group>"; };
		6B69984D17D9C9D200E88717 /* AppDelegate.h */ = {isa = PBXFileReference; lastKnownFileType = sourcecode.c.h; path = AppDelegate.h; sourceTree = "<group>"; };
		6B69984E17D9C9D200E88717 /* AppDelegate.m */ = {isa = PBXFileReference; lastKnownFileType = sourcecode.c.objc; path = AppDelegate.m; sourceTree = "<group>"; };
		6B69985017D9C9D200E88717 /* Default.png */ = {isa = PBXFileReference; lastKnownFileType = image.png; path = Default.png; sourceTree = "<group>"; };
		6B69985217D9C9D200E88717 /* Default@2x.png */ = {isa = PBXFileReference; lastKnownFileType = image.png; path = "Default@2x.png"; sourceTree = "<group>"; };
		6B69985417D9C9D200E88717 /* Default-568h@2x.png */ = {isa = PBXFileReference; lastKnownFileType = image.png; path = "Default-568h@2x.png"; sourceTree = "<group>"; };
		6B69985617D9C9D200E88717 /* ViewController.h */ = {isa = PBXFileReference; lastKnownFileType = sourcecode.c.h; path = ViewController.h; sourceTree = "<group>"; };
		6B69985717D9C9D200E88717 /* ViewController.m */ = {isa = PBXFileReference; lastKnownFileType = sourcecode.c.objc; path = ViewController.m; sourceTree = "<group>"; };
		6B69985A17D9C9D200E88717 /* en */ = {isa = PBXFileReference; lastKnownFileType = file.xib; name = en; path = en.lproj/ViewController.xib; sourceTree = "<group>"; };
		6BE0772D17D9D12D00E55291 /* aaViewController.h */ = {isa = PBXFileReference; fileEncoding = 4; lastKnownFileType = sourcecode.c.h; path = aaViewController.h; sourceTree = "<group>"; };
		6BE0772E17D9D12D00E55291 /* aaViewController.m */ = {isa = PBXFileReference; fileEncoding = 4; lastKnownFileType = sourcecode.c.objc; path = aaViewController.m; sourceTree = "<group>"; };
/* End PBXFileReference section */

/* Begin PBXFrameworksBuildPhase section */
		6B69983817D9C9D200E88717 /* Frameworks */ = {
			isa = PBXFrameworksBuildPhase;
			buildActionMask = 2147483647;
			files = (
				6B69983F17D9C9D200E88717 /* UIKit.framework in Frameworks */,
				6B69984117D9C9D200E88717 /* Foundation.framework in Frameworks */,
				6B69984317D9C9D200E88717 /* CoreGraphics.framework in Frameworks */,
			);
			runOnlyForDeploymentPostprocessing = 0;
		};
/* End PBXFrameworksBuildPhase section */

/* Begin PBXGroup section */
		6B69983217D9C9D200E88717 = {
			isa = PBXGroup;
			children = (
				6BE0772D17D9D12D00E55291 /* aaViewController.h */,
				6BE0772E17D9D12D00E55291 /* aaViewController.m */,
				6B69984417D9C9D200E88717 /* test */,
				6B69983D17D9C9D200E88717 /* Frameworks */,
				6B69983C17D9C9D200E88717 /* Products */,
			);
			sourceTree = "<group>";
		};
		6B69983C17D9C9D200E88717 /* Products */ = {
			isa = PBXGroup;
			children = (
				6B69983B17D9C9D200E88717 /* test.app */,
			);
			name = Products;
			sourceTree = "<group>";
		};
		6B69983D17D9C9D200E88717 /* Frameworks */ = {
			isa = PBXGroup;
			children = (
				6B69983E17D9C9D200E88717 /* UIKit.framework */,
				6B69984017D9C9D200E88717 /* Foundation.framework */,
				6B69984217D9C9D200E88717 /* CoreGraphics.framework */,
			);
			name = Frameworks;
			sourceTree = "<group>";
		};
		6B69984417D9C9D200E88717 /* test */ = {
			isa = PBXGroup;
			children = (
				6B69984D17D9C9D200E88717 /* AppDelegate.h */,
				6B69984E17D9C9D200E88717 /* AppDelegate.m */,
				6B69985617D9C9D200E88717 /* ViewController.h */,
				6B69985717D9C9D200E88717 /* ViewController.m */,
				6B69985917D9C9D200E88717 /* ViewController.xib */,
				6B69984517D9C9D200E88717 /* Supporting Files */,
			);
			path = test;
			sourceTree = "<group>";
		};
		6B69984517D9C9D200E88717 /* Supporting Files */ = {
			isa = PBXGroup;
			children = (
				6B69984617D9C9D200E88717 /* test-Info.plist */,
				6B69984717D9C9D200E88717 /* InfoPlist.strings */,
				6B69984A17D9C9D200E88717 /* main.m */,
				6B69984C17D9C9D200E88717 /* test-Prefix.pch */,
				6B69985017D9C9D200E88717 /* Default.png */,
				6B69985217D9C9D200E88717 /* Default@2x.png */,
				6B69985417D9C9D200E88717 /* Default-568h@2x.png */,
			);
			name = "Supporting Files";
			sourceTree = "<group>";
		};
/* End PBXGroup section */

/* Begin PBXNativeTarget section */
		6B69983A17D9C9D200E88717 /* test */ = {
			isa = PBXNativeTarget;
			buildConfigurationList = 6B69985E17D9C9D200E88717 /* Build configuration list for PBXNativeTarget "test" */;
			buildPhases = (
				6B69983717D9C9D200E88717 /* Sources */,
				6B69983817D9C9D200E88717 /* Frameworks */,
				6B69983917D9C9D200E88717 /* Resources */,
			);
			buildRules = (
			);
			dependencies = (
			);
			name = test;
			productName = test;
			productReference = 6B69983B17D9C9D200E88717 /* test.app */;
			productType = "com.apple.product-type.application";
		};
/* End PBXNativeTarget section */

/* Begin PBXProject section */
		6B69983317D9C9D200E88717 /* Project object */ = {
			isa = PBXProject;
			attributes = {
				LastUpgradeCheck = 0460;
				ORGANIZATIONNAME = chenjin;
			};
			buildConfigurationList = 6B69983617D9C9D200E88717 /* Build configuration list for PBXProject "test" */;
			compatibilityVersion = "Xcode 3.2";
			developmentRegion = English;
			hasScannedForEncodings = 0;
			knownRegions = (
				en,
			);
			mainGroup = 6B69983217D9C9D200E88717;
			productRefGroup = 6B69983C17D9C9D200E88717 /* Products */;
			projectDirPath = "";
			projectRoot = "";
			targets = (
				6B69983A17D9C9D200E88717 /* test */,
			);
		};
/* End PBXProject section */

/* Begin PBXResourcesBuildPhase section */
		6B69983917D9C9D200E88717 /* Resources */ = {
			isa = PBXResourcesBuildPhase;
			buildActionMask = 2147483647;
			files = (
				6B69984917D9C9D200E88717 /* InfoPlist.strings in Resources */,
				6B69985117D9C9D200E88717 /* Default.png in Resources */,
				6B69985317D9C9D200E88717 /* Default@2x.png in Resources */,
				6B69985517D9C9D200E88717 /* Default-568h@2x.png in Resources */,
				6B69985B17D9C9D200E88717 /* ViewController.xib in Resources */,
			);
			runOnlyForDeploymentPostprocessing = 0;
		};
/* End PBXResourcesBuildPhase section */

/* Begin PBXSourcesBuildPhase section */
		6B69983717D9C9D200E88717 /* Sources */ = {
			isa = PBXSourcesBuildPhase;
			buildActionMask = 2147483647;
			files = (
				6B69984B17D9C9D200E88717 /* main.m in Sources */,
				6B69984F17D9C9D200E88717 /* AppDelegate.m in Sources */,
				6B69985817D9C9D200E88717 /* ViewController.m in Sources */,
				6BE0772F17D9D12D00E55291 /* aaViewController.m in Sources */,
			);
			runOnlyForDeploymentPostprocessing = 0;
		};
/* End PBXSourcesBuildPhase section */

/* Begin PBXVariantGroup section */
		6B69984717D9C9D200E88717 /* InfoPlist.strings */ = {
			isa = PBXVariantGroup;
			children = (
				6B69984817D9C9D200E88717 /* en */,
			);
			name = InfoPlist.strings;
			sourceTree = "<group>";
		};
		6B69985917D9C9D200E88717 /* ViewController.xib */ = {
			isa = PBXVariantGroup;
			children = (
				6B69985A17D9C9D200E88717 /* en */,
			);
			name = ViewController.xib;
			sourceTree = "<group>";
		};
/* End PBXVariantGroup section */

/* Begin XCBuildConfiguration section */
		6B69985C17D9C9D200E88717 /* Debug */ = {
			isa = XCBuildConfiguration;
			buildSettings = {
				ALWAYS_SEARCH_USER_PATHS = NO;
				CLANG_CXX_LANGUAGE_STANDARD = "gnu++0x";
				CLANG_CXX_LIBRARY = "libc++";
				CLANG_WARN_CONSTANT_CONVERSION = YES;
				CLANG_WARN_EMPTY_BODY = YES;
				CLANG_WARN_ENUM_CONVERSION = YES;
				CLANG_WARN_INT_CONVERSION = YES;
				CLANG_WARN__DUPLICATE_METHOD_MATCH = YES;
				"CODE_SIGN_IDENTITY[sdk=iphoneos*]" = "iPhone Developer";
				COPY_PHASE_STRIP = NO;
				GCC_C_LANGUAGE_STANDARD = gnu99;
				GCC_DYNAMIC_NO_PIC = NO;
				GCC_OPTIMIZATION_LEVEL = 0;
				GCC_PREPROCESSOR_DEFINITIONS = (
					"DEBUG=1",
					"$(inherited)",
				);
				GCC_SYMBOLS_PRIVATE_EXTERN = NO;
				GCC_WARN_ABOUT_RETURN_TYPE = YES;
				GCC_WARN_UNINITIALIZED_AUTOS = YES;
				GCC_WARN_UNUSED_VARIABLE = YES;
				IPHONEOS_DEPLOYMENT_TARGET = 6.1;
				ONLY_ACTIVE_ARCH = YES;
				SDKROOT = iphoneos;
			};
			name = Debug;
		};
		6B69985D17D9C9D200E88717 /* Release */ = {
			isa = XCBuildConfiguration;
			buildSettings = {
				ALWAYS_SEARCH_USER_PATHS = NO;
				CLANG_CXX_LANGUAGE_STANDARD = "gnu++0x";
				CLANG_CXX_LIBRARY = "libc++";
				CLANG_WARN_CONSTANT_CONVERSION = YES;
				CLANG_WARN_EMPTY_BODY = YES;
				CLANG_WARN_ENUM_CONVERSION = YES;
				CLANG_WARN_INT_CONVERSION = YES;
				CLANG_WARN__DUPLICATE_METHOD_MATCH = YES;
				"CODE_SIGN_IDENTITY[sdk=iphoneos*]" = "iPhone Developer";
				COPY_PHASE_STRIP = YES;
				GCC_C_LANGUAGE_STANDARD = gnu99;
				GCC_WARN_ABOUT_RETURN_TYPE = YES;
				GCC_WARN_UNINITIALIZED_AUTOS = YES;
				GCC_WARN_UNUSED_VARIABLE = YES;
				IPHONEOS_DEPLOYMENT_TARGET = 6.1;
				OTHER_CFLAGS = "-DNS_BLOCK_ASSERTIONS=1";
				SDKROOT = iphoneos;
				VALIDATE_PRODUCT = YES;
			};
			name = Release;
		};
		6B69985F17D9C9D200E88717 /* Debug */ = {
			isa = XCBuildConfiguration;
			buildSettings = {
				GCC_PRECOMPILE_PREFIX_HEADER = YES;
				GCC_PREFIX_HEADER = "test/test-Prefix.pch";
				INFOPLIST_FILE = "test/test-Info.plist";
				PRODUCT_NAME = "$(TARGET_NAME)";
				WRAPPER_EXTENSION = app;
			};
			name = Debug;
		};
		6B69986017D9C9D200E88717 /* Release */ = {
			isa = XCBuildConfiguration;
			buildSettings = {
				GCC_PRECOMPILE_PREFIX_HEADER = YES;
				GCC_PREFIX_HEADER = "test/test-Prefix.pch";
				INFOPLIST_FILE = "test/test-Info.plist";
				PRODUCT_NAME = "$(TARGET_NAME)";
				WRAPPER_EXTENSION = app;
			};
			name = Release;
		};
/* End XCBuildConfiguration section */

/* Begin XCConfigurationList section */
		6B69983617D9C9D200E88717 /* Build configuration list for PBXProject "test" */ = {
			isa = XCConfigurationList;
			buildConfigurations = (
				6B69985C17D9C9D200E88717 /* Debug */,
				6B69985D17D9C9D200E88717 /* Release */,
			);
			defaultConfigurationIsVisible = 0;
			defaultConfigurationName = Release;
		};
		6B69985E17D9C9D200E88717 /* Build configuration list for PBXNativeTarget "test" */ = {
			isa = XCConfigurationList;
			buildConfigurations = (
				6B69985F17D9C9D200E88717 /* Debug */,
				6B69986017D9C9D200E88717 /* Release */,
			);
			defaultConfigurationIsVisible = 0;
			defaultConfigurationName = Release;
		};
/* End XCConfigurationList section */
	};
	rootObject = 6B69983317D9C9D200E88717 /* Project object */;
}
